
Microsoft Visual Studio Solution File, Format Version 12.00
# Visual Studio Version 16
VisualStudioVersion = 16.0.30717.126
MinimumVisualStudioVersion = 10.0.40219.1
Project("{FAE04EC0-301F-11D3-BF4B-00C04F79EFBC}") = "Main_form", "Main_form\Main_form.csproj", "{BE7E5508-6DDF-4242-8C87-585266E88F36}"
EndProject
Global
	GlobalSection(SolutionConfigurationPlatforms) = preSolution
		Debug|Any CPU = Debug|Any CPU
		Release|Any CPU = Release|Any CPU
	EndGlobalSection
	GlobalSection(ProjectConfigurationPlatforms) = postSolution
		{BE7E5508-6DDF-4242-8C87-585266E88F36}.Debug|Any CPU.ActiveCfg = Debug|Any CPU
		{BE7E5508-6DDF-4242-8C87-585266E88F36}.Debug|Any CPU.Build.0 = Debug|Any CPU
		{BE7E5508-6DDF-4242-8C87-585266E88F36}.Release|Any CPU.ActiveCfg = Release|Any CPU
		{BE7E5508-6DDF-4242-8C87-585266E88F36}.Release|Any CPU.Build.0 = Release|Any CPU
	EndGlobalSection
	GlobalSection(SolutionProperties) = preSolution
		HideSolutionNode = FALSE
	EndGlobalSection
	GlobalSection(ExtensibilityGlobals) = postSolution
		SolutionGuid = {47596027-CCCD-4120-9A57-ECAD9BE151D7}
	EndGlobalSection
EndGlobal
